
Microsoft Visual Studio Solution File, Format Version 12.00
# Visual Studio Version 17
VisualStudioVersion = 17.3.32929.385
MinimumVisualStudioVersion = 10.0.40219.1
Project("{FAE04EC0-301F-11D3-BF4B-00C04F79EFBC}") = "Lab3", "Lab3\Lab3.csproj", "{B55D3329-5423-4D76-8880-A5F77141CBED}"
EndProject
Global
	GlobalSection(SolutionConfigurationPlatforms) = preSolution
		Debug|Any CPU = Debug|Any CPU
		Release|Any CPU = Release|Any CPU
	EndGlobalSection
	GlobalSection(ProjectConfigurationPlatforms) = postSolution
		{B55D3329-5423-4D76-8880-A5F77141CBED}.Debug|Any CPU.ActiveCfg = Debug|Any CPU
		{B55D3329-5423-4D76-8880-A5F77141CBED}.Debug|Any CPU.Build.0 = Debug|Any CPU
		{B55D3329-5423-4D76-8880-A5F77141CBED}.Release|Any CPU.ActiveCfg = Release|Any CPU
		{B55D3329-5423-4D76-8880-A5F77141CBED}.Release|Any CPU.Build.0 = Release|Any CPU
	EndGlobalSection
	GlobalSection(SolutionProperties) = preSolution
		HideSolutionNode = FALSE
	EndGlobalSection
	GlobalSection(ExtensibilityGlobals) = postSolution
		SolutionGuid = {4563481E-E0E6-4DE7-B916-566A8EBE4A34}
	EndGlobalSection
EndGlobal
